
Microsoft Visual Studio Solution File, Format Version 12.00
# Visual Studio Version 16
VisualStudioVersion = 16.0.30021.99
MinimumVisualStudioVersion = 10.0.40219.1
Project("{2150E333-8FDC-42A3-9474-1A3956D46DE8}") = "AuthorizationCodeGrant", "AuthorizationCodeGrant", "{FDBA2981-C93C-4153-8B02-2E1126F9F5B0}"
EndProject
Project("{2150E333-8FDC-42A3-9474-1A3956D46DE8}") = "PasswordCredentialsGrant", "PasswordCredentialsGrant", "{746F2572-A387-442E-AEF4-D7ABCC052F27}"
EndProject
Project("{2150E333-8FDC-42A3-9474-1A3956D46DE8}") = "lmplicitGrant", "lmplicitGrant", "{6905FC72-9263-47E3-B825-65C32359058B}"
EndProject
Project("{2150E333-8FDC-42A3-9474-1A3956D46DE8}") = "ClientCredentialsGrant", "ClientCredentialsGrant", "{E3610A0A-C183-4222-B157-5DBB66827BE4}"
EndProject
Project("{9A19103F-16F7-4668-BE54-9A1E7A4F7556}") = "IdentityServer.ClientCredentialsGrant", "src\ClientCredentialsGrant\IdentityServer.ClientCredentialsGrant\IdentityServer.ClientCredentialsGrant.csproj", "{33D4C1DF-391B-4535-8E69-0AC22BE64206}"
EndProject
Project("{9A19103F-16F7-4668-BE54-9A1E7A4F7556}") = "IdentityServer.Api", "src\ClientCredentialsGrant\IdentityServer.Api\IdentityServer.Api.csproj", "{86E5B62A-1C40-4CBE-93BA-932475D22663}"
EndProject
Project("{9A19103F-16F7-4668-BE54-9A1E7A4F7556}") = "IdentityServer.Client", "src\ClientCredentialsGrant\IdentityServer.Client\IdentityServer.Client.csproj", "{78762A11-96B0-469B-AEC7-78B1EF6D1FF5}"
EndProject
Project("{2150E333-8FDC-42A3-9474-1A3956D46DE8}") = "AspNetCore", "AspNetCore", "{9A2C7E47-0AAD-43F7-B011-CEB35DD189B3}"
EndProject
Project("{9A19103F-16F7-4668-BE54-9A1E7A4F7556}") = "IdentityServer.AuthorizationCodeGrant", "src\AuthorizationCodeGrant\IdentityServer.AuthorizationCodeGrant\IdentityServer.AuthorizationCodeGrant.csproj", "{264E44CA-67E8-4294-B185-F959FA50C514}"
EndProject
Project("{9A19103F-16F7-4668-BE54-9A1E7A4F7556}") = "IdentityServer.MvcClient3", "src\AuthorizationCodeGrant\IdentityServer.MvcClient3\IdentityServer.MvcClient3.csproj", "{AB1E835C-C705-4177-AD8A-90C50991B32B}"
EndProject
Project("{9A19103F-16F7-4668-BE54-9A1E7A4F7556}") = "IdentityServer.Api1", "src\AuthorizationCodeGrant\IdentityServer.Api1\IdentityServer.Api1.csproj", "{E8FACC5F-74F8-4599-810E-FA6EAC20AC7E}"
EndProject
Project("{2150E333-8FDC-42A3-9474-1A3956D46DE8}") = "JSClientAuthorizationCode", "JSClientAuthorizationCode", "{17360A26-85BB-4230-ABD1-C5DF9B0568B2}"
EndProject
Project("{9A19103F-16F7-4668-BE54-9A1E7A4F7556}") = "IdentityServer.JSWebClient", "src\JSClientAuthorizationCode\IdentityServer.JSWebClient\IdentityServer.JSWebClient.csproj", "{DB080B04-8F47-48F9-AEEB-CD86F400E296}"
EndProject
Project("{9A19103F-16F7-4668-BE54-9A1E7A4F7556}") = "IdentityServer.JSAuthorizationCode", "src\JSClientAuthorizationCode\IdentityServer.JSAuthorizationCode\IdentityServer.JSAuthorizationCode.csproj", "{26F016D5-BE39-4E57-896E-5959569F983D}"
EndProject
Project("{9A19103F-16F7-4668-BE54-9A1E7A4F7556}") = "IdentityServer.JSApi", "src\JSClientAuthorizationCode\IdentityServer.JSApi\IdentityServer.JSApi.csproj", "{200C4347-BD95-4B06-92A8-4278DC50B2D9}"
EndProject
Global
	GlobalSection(SolutionConfigurationPlatforms) = preSolution
		Debug|Any CPU = Debug|Any CPU
		Release|Any CPU = Release|Any CPU
	EndGlobalSection
	GlobalSection(ProjectConfigurationPlatforms) = postSolution
		{33D4C1DF-391B-4535-8E69-0AC22BE64206}.Debug|Any CPU.ActiveCfg = Debug|Any CPU
		{33D4C1DF-391B-4535-8E69-0AC22BE64206}.Debug|Any CPU.Build.0 = Debug|Any CPU
		{33D4C1DF-391B-4535-8E69-0AC22BE64206}.Release|Any CPU.ActiveCfg = Release|Any CPU
		{33D4C1DF-391B-4535-8E69-0AC22BE64206}.Release|Any CPU.Build.0 = Release|Any CPU
		{86E5B62A-1C40-4CBE-93BA-932475D22663}.Debug|Any CPU.ActiveCfg = Debug|Any CPU
		{86E5B62A-1C40-4CBE-93BA-932475D22663}.Debug|Any CPU.Build.0 = Debug|Any CPU
		{86E5B62A-1C40-4CBE-93BA-932475D22663}.Release|Any CPU.ActiveCfg = Release|Any CPU
		{86E5B62A-1C40-4CBE-93BA-932475D22663}.Release|Any CPU.Build.0 = Release|Any CPU
		{78762A11-96B0-469B-AEC7-78B1EF6D1FF5}.Debug|Any CPU.ActiveCfg = Debug|Any CPU
		{78762A11-96B0-469B-AEC7-78B1EF6D1FF5}.Debug|Any CPU.Build.0 = Debug|Any CPU
		{78762A11-96B0-469B-AEC7-78B1EF6D1FF5}.Release|Any CPU.ActiveCfg = Release|Any CPU
		{78762A11-96B0-469B-AEC7-78B1EF6D1FF5}.Release|Any CPU.Build.0 = Release|Any CPU
		{264E44CA-67E8-4294-B185-F959FA50C514}.Debug|Any CPU.ActiveCfg = Debug|Any CPU
		{264E44CA-67E8-4294-B185-F959FA50C514}.Debug|Any CPU.Build.0 = Debug|Any CPU
		{264E44CA-67E8-4294-B185-F959FA50C514}.Release|Any CPU.ActiveCfg = Release|Any CPU
		{264E44CA-67E8-4294-B185-F959FA50C514}.Release|Any CPU.Build.0 = Release|Any CPU
		{AB1E835C-C705-4177-AD8A-90C50991B32B}.Debug|Any CPU.ActiveCfg = Debug|Any CPU
		{AB1E835C-C705-4177-AD8A-90C50991B32B}.Debug|Any CPU.Build.0 = Debug|Any CPU
		{AB1E835C-C705-4177-AD8A-90C50991B32B}.Release|Any CPU.ActiveCfg = Release|Any CPU
		{AB1E835C-C705-4177-AD8A-90C50991B32B}.Release|Any CPU.Build.0 = Release|Any CPU
		{E8FACC5F-74F8-4599-810E-FA6EAC20AC7E}.Debug|Any CPU.ActiveCfg = Debug|Any CPU
		{E8FACC5F-74F8-4599-810E-FA6EAC20AC7E}.Debug|Any CPU.Build.0 = Debug|Any CPU
		{E8FACC5F-74F8-4599-810E-FA6EAC20AC7E}.Release|Any CPU.ActiveCfg = Release|Any CPU
		{E8FACC5F-74F8-4599-810E-FA6EAC20AC7E}.Release|Any CPU.Build.0 = Release|Any CPU
		{DB080B04-8F47-48F9-AEEB-CD86F400E296}.Debug|Any CPU.ActiveCfg = Debug|Any CPU
		{DB080B04-8F47-48F9-AEEB-CD86F400E296}.Debug|Any CPU.Build.0 = Debug|Any CPU
		{DB080B04-8F47-48F9-AEEB-CD86F400E296}.Release|Any CPU.ActiveCfg = Release|Any CPU
		{DB080B04-8F47-48F9-AEEB-CD86F400E296}.Release|Any CPU.Build.0 = Release|Any CPU
		{26F016D5-BE39-4E57-896E-5959569F983D}.Debug|Any CPU.ActiveCfg = Debug|Any CPU
		{26F016D5-BE39-4E57-896E-5959569F983D}.Debug|Any CPU.Build.0 = Debug|Any CPU
		{26F016D5-BE39-4E57-896E-5959569F983D}.Release|Any CPU.ActiveCfg = Release|Any CPU
		{26F016D5-BE39-4E57-896E-5959569F983D}.Release|Any CPU.Build.0 = Release|Any CPU
		{200C4347-BD95-4B06-92A8-4278DC50B2D9}.Debug|Any CPU.ActiveCfg = Debug|Any CPU
		{200C4347-BD95-4B06-92A8-4278DC50B2D9}.Debug|Any CPU.Build.0 = Debug|Any CPU
		{200C4347-BD95-4B06-92A8-4278DC50B2D9}.Release|Any CPU.ActiveCfg = Release|Any CPU
		{200C4347-BD95-4B06-92A8-4278DC50B2D9}.Release|Any CPU.Build.0 = Release|Any CPU
	EndGlobalSection
	GlobalSection(SolutionProperties) = preSolution
		HideSolutionNode = FALSE
	EndGlobalSection
	GlobalSection(NestedProjects) = preSolution
		{33D4C1DF-391B-4535-8E69-0AC22BE64206} = {E3610A0A-C183-4222-B157-5DBB66827BE4}
		{86E5B62A-1C40-4CBE-93BA-932475D22663} = {E3610A0A-C183-4222-B157-5DBB66827BE4}
		{78762A11-96B0-469B-AEC7-78B1EF6D1FF5} = {E3610A0A-C183-4222-B157-5DBB66827BE4}
		{264E44CA-67E8-4294-B185-F959FA50C514} = {FDBA2981-C93C-4153-8B02-2E1126F9F5B0}
		{AB1E835C-C705-4177-AD8A-90C50991B32B} = {FDBA2981-C93C-4153-8B02-2E1126F9F5B0}
		{E8FACC5F-74F8-4599-810E-FA6EAC20AC7E} = {FDBA2981-C93C-4153-8B02-2E1126F9F5B0}
		{DB080B04-8F47-48F9-AEEB-CD86F400E296} = {17360A26-85BB-4230-ABD1-C5DF9B0568B2}
		{26F016D5-BE39-4E57-896E-5959569F983D} = {17360A26-85BB-4230-ABD1-C5DF9B0568B2}
		{200C4347-BD95-4B06-92A8-4278DC50B2D9} = {17360A26-85BB-4230-ABD1-C5DF9B0568B2}
	EndGlobalSection
	GlobalSection(ExtensibilityGlobals) = postSolution
		SolutionGuid = {C04B1906-5147-4E41-A586-3859F158EA91}
	EndGlobalSection
EndGlobal
